<?xml version="1.0" encoding="UTF-8"?>
<Scheme
   version = "1.3">
   <BuildAction>
      <BuildActionEntries>
         <BuildActionEntry
            buildForRunning = "YES">
            <BuildableReference
               BuildableIdentifier = "primary"
               BlueprintIdentifier = "B445E251FFCACD95E918188D"
               BuildableName = "EdgesDetection.app"
               BlueprintName = "EdgesDetection"
               ReferencedContainer = "container:EdgesDetection.xcodeproj">
            </BuildableReference>
         </BuildActionEntry>
      </BuildActionEntries>
   </BuildAction>
   <LaunchAction
      useCustomWorkingDirectory = "NO"
      buildConfiguration = "Debug">
      <BuildableProductRunnable>
         <BuildableReference
            BuildableIdentifier = "primary"
            BlueprintIdentifier = "B445E251FFCACD95E918188D"
            BuildableName = "EdgesDetection.app"
            BlueprintName = "EdgesDetection"
            ReferencedContainer = "container:EdgesDetection.xcodeproj">
         </BuildableReference>
      </BuildableProductRunnable>
   </LaunchAction>
</Scheme>
